
Microsoft Visual Studio Solution File, Format Version 12.00
# Visual Studio Version 16
VisualStudioVersion = 16.0.31729.503
MinimumVisualStudioVersion = 10.0.40219.1
Project("{FAE04EC0-301F-11D3-BF4B-00C04F79EFBC}") = "MeApp.Android", "MeApp\MeApp.Android\MeApp.Android.csproj", "{92D581B1-E71B-4404-8AE6-022DCA352B05}"
EndProject
Project("{FAE04EC0-301F-11D3-BF4B-00C04F79EFBC}") = "MeApp.iOS", "MeApp\MeApp.iOS\MeApp.iOS.csproj", "{6253D99A-7E1E-4C65-B2FF-9F3CE891D022}"
EndProject
Project("{FAE04EC0-301F-11D3-BF4B-00C04F79EFBC}") = "MeApp", "MeApp\MeApp\MeApp.csproj", "{ECA7FAFE-03E3-41A2-A746-8D24E86307AF}"
EndProject
Global
	GlobalSection(SolutionConfigurationPlatforms) = preSolution
		Debug|Any CPU = Debug|Any CPU
		Debug|iPhone = Debug|iPhone
		Debug|iPhoneSimulator = Debug|iPhoneSimulator
		Release|Any CPU = Release|Any CPU
		Release|iPhone = Release|iPhone
		Release|iPhoneSimulator = Release|iPhoneSimulator
	EndGlobalSection
	GlobalSection(ProjectConfigurationPlatforms) = postSolution
		{92D581B1-E71B-4404-8AE6-022DCA352B05}.Debug|Any CPU.ActiveCfg = Debug|Any CPU
		{92D581B1-E71B-4404-8AE6-022DCA352B05}.Debug|Any CPU.Build.0 = Debug|Any CPU
		{92D581B1-E71B-4404-8AE6-022DCA352B05}.Debug|Any CPU.Deploy.0 = Debug|Any CPU
		{92D581B1-E71B-4404-8AE6-022DCA352B05}.Debug|iPhone.ActiveCfg = Debug|Any CPU
		{92D581B1-E71B-4404-8AE6-022DCA352B05}.Debug|iPhone.Build.0 = Debug|Any CPU
		{92D581B1-E71B-4404-8AE6-022DCA352B05}.Debug|iPhone.Deploy.0 = Debug|Any CPU
		{92D581B1-E71B-4404-8AE6-022DCA352B05}.Debug|iPhoneSimulator.ActiveCfg = Debug|Any CPU
		{92D581B1-E71B-4404-8AE6-022DCA352B05}.Debug|iPhoneSimulator.Build.0 = Debug|Any CPU
		{92D581B1-E71B-4404-8AE6-022DCA352B05}.Debug|iPhoneSimulator.Deploy.0 = Debug|Any CPU
		{92D581B1-E71B-4404-8AE6-022DCA352B05}.Release|Any CPU.ActiveCfg = Release|Any CPU
		{92D581B1-E71B-4404-8AE6-022DCA352B05}.Release|Any CPU.Build.0 = Release|Any CPU
		{92D581B1-E71B-4404-8AE6-022DCA352B05}.Release|Any CPU.Deploy.0 = Release|Any CPU
		{92D581B1-E71B-4404-8AE6-022DCA352B05}.Release|iPhone.ActiveCfg = Release|Any CPU
		{92D581B1-E71B-4404-8AE6-022DCA352B05}.Release|iPhone.Build.0 = Release|Any CPU
		{92D581B1-E71B-4404-8AE6-022DCA352B05}.Release|iPhone.Deploy.0 = Release|Any CPU
		{92D581B1-E71B-4404-8AE6-022DCA352B05}.Release|iPhoneSimulator.ActiveCfg = Release|Any CPU
		{92D581B1-E71B-4404-8AE6-022DCA352B05}.Release|iPhoneSimulator.Build.0 = Release|Any CPU
		{92D581B1-E71B-4404-8AE6-022DCA352B05}.Release|iPhoneSimulator.Deploy.0 = Release|Any CPU
		{6253D99A-7E1E-4C65-B2FF-9F3CE891D022}.Debug|Any CPU.ActiveCfg = Debug|iPhone
		{6253D99A-7E1E-4C65-B2FF-9F3CE891D022}.Debug|Any CPU.Build.0 = Debug|iPhone
		{6253D99A-7E1E-4C65-B2FF-9F3CE891D022}.Debug|Any CPU.Deploy.0 = Debug|iPhone
		{6253D99A-7E1E-4C65-B2FF-9F3CE891D022}.Debug|iPhone.ActiveCfg = Debug|iPhone
		{6253D99A-7E1E-4C65-B2FF-9F3CE891D022}.Debug|iPhone.Build.0 = Debug|iPhone
		{6253D99A-7E1E-4C65-B2FF-9F3CE891D022}.Debug|iPhone.Deploy.0 = Debug|iPhone
		{6253D99A-7E1E-4C65-B2FF-9F3CE891D022}.Debug|iPhoneSimulator.ActiveCfg = Debug|iPhoneSimulator
		{6253D99A-7E1E-4C65-B2FF-9F3CE891D022}.Debug|iPhoneSimulator.Build.0 = Debug|iPhoneSimulator
		{6253D99A-7E1E-4C65-B2FF-9F3CE891D022}.Debug|iPhoneSimulator.Deploy.0 = Debug|iPhoneSimulator
		{6253D99A-7E1E-4C65-B2FF-9F3CE891D022}.Release|Any CPU.ActiveCfg = Release|iPhoneSimulator
		{6253D99A-7E1E-4C65-B2FF-9F3CE891D022}.Release|Any CPU.Build.0 = Release|iPhoneSimulator
		{6253D99A-7E1E-4C65-B2FF-9F3CE891D022}.Release|Any CPU.Deploy.0 = Release|iPhoneSimulator
		{6253D99A-7E1E-4C65-B2FF-9F3CE891D022}.Release|iPhone.ActiveCfg = Release|iPhone
		{6253D99A-7E1E-4C65-B2FF-9F3CE891D022}.Release|iPhone.Build.0 = Release|iPhone
		{6253D99A-7E1E-4C65-B2FF-9F3CE891D022}.Release|iPhone.Deploy.0 = Release|iPhone
		{6253D99A-7E1E-4C65-B2FF-9F3CE891D022}.Release|iPhoneSimulator.ActiveCfg = Release|iPhoneSimulator
		{6253D99A-7E1E-4C65-B2FF-9F3CE891D022}.Release|iPhoneSimulator.Build.0 = Release|iPhoneSimulator
		{6253D99A-7E1E-4C65-B2FF-9F3CE891D022}.Release|iPhoneSimulator.Deploy.0 = Release|iPhoneSimulator
		{ECA7FAFE-03E3-41A2-A746-8D24E86307AF}.Debug|Any CPU.ActiveCfg = Debug|Any CPU
		{ECA7FAFE-03E3-41A2-A746-8D24E86307AF}.Debug|Any CPU.Build.0 = Debug|Any CPU
		{ECA7FAFE-03E3-41A2-A746-8D24E86307AF}.Debug|Any CPU.Deploy.0 = Debug|Any CPU
		{ECA7FAFE-03E3-41A2-A746-8D24E86307AF}.Debug|iPhone.ActiveCfg = Debug|Any CPU
		{ECA7FAFE-03E3-41A2-A746-8D24E86307AF}.Debug|iPhone.Build.0 = Debug|Any CPU
		{ECA7FAFE-03E3-41A2-A746-8D24E86307AF}.Debug|iPhone.Deploy.0 = Debug|Any CPU
		{ECA7FAFE-03E3-41A2-A746-8D24E86307AF}.Debug|iPhoneSimulator.ActiveCfg = Debug|Any CPU
		{ECA7FAFE-03E3-41A2-A746-8D24E86307AF}.Debug|iPhoneSimulator.Build.0 = Debug|Any CPU
		{ECA7FAFE-03E3-41A2-A746-8D24E86307AF}.Debug|iPhoneSimulator.Deploy.0 = Debug|Any CPU
		{ECA7FAFE-03E3-41A2-A746-8D24E86307AF}.Release|Any CPU.ActiveCfg = Release|Any CPU
		{ECA7FAFE-03E3-41A2-A746-8D24E86307AF}.Release|Any CPU.Build.0 = Release|Any CPU
		{ECA7FAFE-03E3-41A2-A746-8D24E86307AF}.Release|Any CPU.Deploy.0 = Release|Any CPU
		{ECA7FAFE-03E3-41A2-A746-8D24E86307AF}.Release|iPhone.ActiveCfg = Release|Any CPU
		{ECA7FAFE-03E3-41A2-A746-8D24E86307AF}.Release|iPhone.Build.0 = Release|Any CPU
		{ECA7FAFE-03E3-41A2-A746-8D24E86307AF}.Release|iPhone.Deploy.0 = Release|Any CPU
		{ECA7FAFE-03E3-41A2-A746-8D24E86307AF}.Release|iPhoneSimulator.ActiveCfg = Release|Any CPU
		{ECA7FAFE-03E3-41A2-A746-8D24E86307AF}.Release|iPhoneSimulator.Build.0 = Release|Any CPU
		{ECA7FAFE-03E3-41A2-A746-8D24E86307AF}.Release|iPhoneSimulator.Deploy.0 = Release|Any CPU
	EndGlobalSection
	GlobalSection(SolutionProperties) = preSolution
		HideSolutionNode = FALSE
	EndGlobalSection
	GlobalSection(ExtensibilityGlobals) = postSolution
		SolutionGuid = {0BB3CF64-1A4A-4EB9-BA24-730A2488295C}
	EndGlobalSection
EndGlobal
